# Generated by buf. DO NOT EDIT.
version: v2
deps:
  - name: buf.build/cncf/xds
    commit: 373284492eb241aeaff806189696d127
    digest: b5:ee770b00561967f9a6b049adb0b0ac9ba322543e0b01ee483688d438f18b09afb2caa0dfe33341ecfbff6fb5f488b87ee2bb36104445ff67244baacfdba177b3
  - name: buf.build/envoyproxy/envoy
    commit: 86528c2a78124314bed0b23bea1f7006
    digest: b5:eedf8d2d4859d4027ea6bdb840291c4ca036e59be74edfed144f67c379b3ef3fba8a16e190d33fb91649d07d7d9dabe6d297c239050b3d6faa226d589e0d0235
  - name: buf.build/envoyproxy/protoc-gen-validate
    commit: daf171c6cdb54629b5f51e345a79e4dd
    digest: b5:c745e1521879f43740230b1df673d0729f55704efefdcfc489d4a0a2d40c92a26cacfeab62813403040a8b180142d53b398c7ca784a065e43823605ee49681de
  - name: buf.build/google/cel-spec
    commit: 96eff7bcf453468dbd44b80598bfe1bf
    digest: b5:660c244ec1e8a0f26c5431e1901f1d52d322c7ee3fd240cb6832f44d0694384a36ded008af457a9e5268c73adfa00170e972ac4fe44752a693424b3479f30b82
  - name: buf.build/googleapis/googleapis
    commit: 72c8614f3bd0466ea67931ef2c43d608
    digest: b5:13efeea24e633fd45327390bdee941207a8727e96cf01affb84c1e4100fd8f48a42bbd508df11930cd2884629bafad685df1ac3111bc78cdaefcd38c9371c6b1
  - name: buf.build/opentelemetry/opentelemetry
    commit: 8f7f39d683754864af50f17437d43bdb
    digest: b5:1e809dced35b967154a3bdb5dc2286d5bac181d97cb962a663c14a31f83716478856defba85c07451a978e32ffe31a323be10edd4b3e598cc2571dc4f03cbf2e
  - name: buf.build/prometheus/client-model
    commit: e171c0b235c546d5a9a597c2961bd357
    digest: b5:c26899a8592079d1f0cc168dee57c70df022d07c450ad0560fac8a1c6b5b9f73cbc6c44a21a67afbeb32e1e2127cf02c4e7f34368c8685a33b56bd936ea4273e
