# Generated by buf. DO NOT EDIT.
version: v2
deps:
  - name: buf.build/cncf/xds
    commit: 373284492eb241aeaff806189696d127
    digest: b5:ee770b00561967f9a6b049adb0b0ac9ba322543e0b01ee483688d438f18b09afb2caa0dfe33341ecfbff6fb5f488b87ee2bb36104445ff67244baacfdba177b3
  - name: buf.build/envoyproxy/envoy
    commit: c5bbaf99f1354d62be146c1bd58c8bbb
    digest: b5:bb55bdeb4f37d84f89a5c7550adf833107f1ce1be6e429e6818454b6eda1f0bfad946e0b5473f8db346a079701bdcffac1e5cb6b92b8578d9406926667f5831a
  - name: buf.build/envoyproxy/protoc-gen-validate
    commit: daf171c6cdb54629b5f51e345a79e4dd
    digest: b5:c745e1521879f43740230b1df673d0729f55704efefdcfc489d4a0a2d40c92a26cacfeab62813403040a8b180142d53b398c7ca784a065e43823605ee49681de
  - name: buf.build/google/cel-spec
    commit: 96eff7bcf453468dbd44b80598bfe1bf
    digest: b5:660c244ec1e8a0f26c5431e1901f1d52d322c7ee3fd240cb6832f44d0694384a36ded008af457a9e5268c73adfa00170e972ac4fe44752a693424b3479f30b82
  - name: buf.build/googleapis/googleapis
    commit: 72c8614f3bd0466ea67931ef2c43d608
    digest: b5:13efeea24e633fd45327390bdee941207a8727e96cf01affb84c1e4100fd8f48a42bbd508df11930cd2884629bafad685df1ac3111bc78cdaefcd38c9371c6b1
  - name: buf.build/opentelemetry/opentelemetry
    commit: 5f2c7d4f740541589805e0816dad4bb0
    digest: b5:935626c896cfe0f5efda467869c65df49843190c1d16ad24957d62ae840aef5f5da2474ec5c766e730b2727c6a24b39b5a2a073da70cf3f2611ce7d3934def86
  - name: buf.build/prometheus/client-model
    commit: e171c0b235c546d5a9a597c2961bd357
    digest: b5:c26899a8592079d1f0cc168dee57c70df022d07c450ad0560fac8a1c6b5b9f73cbc6c44a21a67afbeb32e1e2127cf02c4e7f34368c8685a33b56bd936ea4273e
