# @generated - this file is auto-generated by `mise lock` https://mise.en.dev/dev-tools/mise-lock.html

[[tools.actionlint]]
version = "1.7.12"
backend = "aqua:rhysd/actionlint"

[tools.actionlint."platforms.linux-arm64"]
checksum = "sha256:325e971b6ba9bfa504672e29be93c24981eeb1c07576d730e9f7c8805afff0c6"
url = "https://github.com/rhysd/actionlint/releases/download/v1.7.12/actionlint_1.7.12_linux_arm64.tar.gz"
provenance = "github-attestations"

[tools.actionlint."platforms.linux-arm64-musl"]
checksum = "sha256:325e971b6ba9bfa504672e29be93c24981eeb1c07576d730e9f7c8805afff0c6"
url = "https://github.com/rhysd/actionlint/releases/download/v1.7.12/actionlint_1.7.12_linux_arm64.tar.gz"
provenance = "github-attestations"

[tools.actionlint."platforms.linux-x64"]
checksum = "sha256:8aca8db96f1b94770f1b0d72b6dddcb1ebb8123cb3712530b08cc387b349a3d8"
url = "https://github.com/rhysd/actionlint/releases/download/v1.7.12/actionlint_1.7.12_linux_amd64.tar.gz"
provenance = "github-attestations"

[tools.actionlint."platforms.linux-x64-musl"]
checksum = "sha256:8aca8db96f1b94770f1b0d72b6dddcb1ebb8123cb3712530b08cc387b349a3d8"
url = "https://github.com/rhysd/actionlint/releases/download/v1.7.12/actionlint_1.7.12_linux_amd64.tar.gz"
provenance = "github-attestations"

[tools.actionlint."platforms.macos-arm64"]
checksum = "sha256:aba9ced2dee8d27fecca3dc7feb1a7f9a52caefa1eb46f3271ea66b6e0e6953f"
url = "https://github.com/rhysd/actionlint/releases/download/v1.7.12/actionlint_1.7.12_darwin_arm64.tar.gz"
provenance = "github-attestations"

[tools.actionlint."platforms.macos-x64"]
checksum = "sha256:5b44c3bc2255115c9b69e30efc0fecdf498fdb63c5d58e17084fd5f16324c644"
url = "https://github.com/rhysd/actionlint/releases/download/v1.7.12/actionlint_1.7.12_darwin_amd64.tar.gz"
provenance = "github-attestations"

[tools.actionlint."platforms.windows-x64"]
checksum = "sha256:6e7241b51e6817ea6a047693d8e6fed13b31819c9a0dd6c5a726e1592d22f6e9"
url = "https://github.com/rhysd/actionlint/releases/download/v1.7.12/actionlint_1.7.12_windows_amd64.zip"
provenance = "github-attestations"

[[tools."aqua:bufbuild/protoc-gen-validate"]]
version = "1.3.3"
backend = "aqua:bufbuild/protoc-gen-validate"

[tools."aqua:bufbuild/protoc-gen-validate"."platforms.linux-arm64"]
checksum = "sha256:e34b7526405741d7fafbf6f1c68cdda429b9420190b180a0b023016651215190"
url = "https://github.com/bufbuild/protoc-gen-validate/releases/download/v1.3.3/protoc-gen-validate_1.3.3_linux_arm64.tar.gz"

[tools."aqua:bufbuild/protoc-gen-validate"."platforms.linux-arm64-musl"]
checksum = "sha256:e34b7526405741d7fafbf6f1c68cdda429b9420190b180a0b023016651215190"
url = "https://github.com/bufbuild/protoc-gen-validate/releases/download/v1.3.3/protoc-gen-validate_1.3.3_linux_arm64.tar.gz"

[tools."aqua:bufbuild/protoc-gen-validate"."platforms.linux-x64"]
checksum = "sha256:6f851d3636b0c12a9fb5f99bf5c57651319f6a4c1d695f304269f1204dc9e13c"
url = "https://github.com/bufbuild/protoc-gen-validate/releases/download/v1.3.3/protoc-gen-validate_1.3.3_linux_amd64.tar.gz"

[tools."aqua:bufbuild/protoc-gen-validate"."platforms.linux-x64-musl"]
checksum = "sha256:6f851d3636b0c12a9fb5f99bf5c57651319f6a4c1d695f304269f1204dc9e13c"
url = "https://github.com/bufbuild/protoc-gen-validate/releases/download/v1.3.3/protoc-gen-validate_1.3.3_linux_amd64.tar.gz"

[tools."aqua:bufbuild/protoc-gen-validate"."platforms.macos-arm64"]
checksum = "sha256:0ae7bb4cdc6eb357e721db8f8f9b07b10a87fcb234899704d4eab33ee2b793ee"
url = "https://github.com/bufbuild/protoc-gen-validate/releases/download/v1.3.3/protoc-gen-validate_1.3.3_darwin_arm64.tar.gz"

[tools."aqua:bufbuild/protoc-gen-validate"."platforms.macos-x64"]
checksum = "sha256:10090dc4e2a58d9c4392482677add96a4f4273df76a536da27aec2ea5417df89"
url = "https://github.com/bufbuild/protoc-gen-validate/releases/download/v1.3.3/protoc-gen-validate_1.3.3_darwin_amd64.tar.gz"

[tools."aqua:bufbuild/protoc-gen-validate"."platforms.windows-x64"]
checksum = "sha256:f4695fc6c243357dc0ef90fea630c15ef04aa2d4ce4343873056183095658f88"
url = "https://github.com/bufbuild/protoc-gen-validate/releases/download/v1.3.3/protoc-gen-validate_1.3.3_windows_amd64.tar.gz"

[[tools."aqua:grpc/grpc-go/protoc-gen-go-grpc"]]
version = "1.6.2"
backend = "aqua:grpc/grpc-go/protoc-gen-go-grpc"

[tools."aqua:grpc/grpc-go/protoc-gen-go-grpc"."platforms.linux-arm64"]
checksum = "sha256:343307d42a93c0219692302296e5fa38b89a9563732511b18a93479be4b0f43d"
url = "https://github.com/grpc/grpc-go/releases/download/cmd/protoc-gen-go-grpc/v1.6.2/protoc-gen-go-grpc.v1.6.2.linux.arm64.tar.gz"

[tools."aqua:grpc/grpc-go/protoc-gen-go-grpc"."platforms.linux-arm64-musl"]
checksum = "sha256:343307d42a93c0219692302296e5fa38b89a9563732511b18a93479be4b0f43d"
url = "https://github.com/grpc/grpc-go/releases/download/cmd/protoc-gen-go-grpc/v1.6.2/protoc-gen-go-grpc.v1.6.2.linux.arm64.tar.gz"

[tools."aqua:grpc/grpc-go/protoc-gen-go-grpc"."platforms.linux-x64"]
checksum = "sha256:3d36f376624c73eb62c7a46e34c2b21a1e97684fb1812e882ba775ba05b7bfc9"
url = "https://github.com/grpc/grpc-go/releases/download/cmd/protoc-gen-go-grpc/v1.6.2/protoc-gen-go-grpc.v1.6.2.linux.amd64.tar.gz"

[tools."aqua:grpc/grpc-go/protoc-gen-go-grpc"."platforms.linux-x64-musl"]
checksum = "sha256:3d36f376624c73eb62c7a46e34c2b21a1e97684fb1812e882ba775ba05b7bfc9"
url = "https://github.com/grpc/grpc-go/releases/download/cmd/protoc-gen-go-grpc/v1.6.2/protoc-gen-go-grpc.v1.6.2.linux.amd64.tar.gz"

[tools."aqua:grpc/grpc-go/protoc-gen-go-grpc"."platforms.macos-arm64"]
checksum = "sha256:eefe7ad5e1d578c5d1124a9084333cb938274b7a2eb54c006e7769530119cba3"
url = "https://github.com/grpc/grpc-go/releases/download/cmd/protoc-gen-go-grpc/v1.6.2/protoc-gen-go-grpc.v1.6.2.darwin.arm64.tar.gz"

[tools."aqua:grpc/grpc-go/protoc-gen-go-grpc"."platforms.macos-x64"]
checksum = "sha256:e891ebaf91f5ac959234cf9b323fecb14947f8b6f989989c50023da55bd55af3"
url = "https://github.com/grpc/grpc-go/releases/download/cmd/protoc-gen-go-grpc/v1.6.2/protoc-gen-go-grpc.v1.6.2.darwin.amd64.tar.gz"

[tools."aqua:grpc/grpc-go/protoc-gen-go-grpc"."platforms.windows-x64"]
checksum = "sha256:58dad1ef6c53e508224378c1bc3f85bf47f8f860e32988dfd8abdec20da148f0"
url = "https://github.com/grpc/grpc-go/releases/download/cmd/protoc-gen-go-grpc/v1.6.2/protoc-gen-go-grpc.v1.6.2.windows.amd64.tar.gz"

[[tools."aqua:helm/chart-releaser"]]
version = "1.8.1"
backend = "aqua:helm/chart-releaser"

[tools."aqua:helm/chart-releaser"."platforms.linux-arm64"]
checksum = "sha256:03811896f65f73faffa63aa24f54ac4fed73e088418d0582723917b69c2a280b"
url = "https://github.com/helm/chart-releaser/releases/download/v1.8.1/chart-releaser_1.8.1_linux_arm64.tar.gz"

[tools."aqua:helm/chart-releaser"."platforms.linux-arm64-musl"]
checksum = "sha256:03811896f65f73faffa63aa24f54ac4fed73e088418d0582723917b69c2a280b"
url = "https://github.com/helm/chart-releaser/releases/download/v1.8.1/chart-releaser_1.8.1_linux_arm64.tar.gz"

[tools."aqua:helm/chart-releaser"."platforms.linux-x64"]
checksum = "sha256:834046b27b00cd6ba451326875c1937d4f2b671063c2053e031434ade73002b5"
url = "https://github.com/helm/chart-releaser/releases/download/v1.8.1/chart-releaser_1.8.1_linux_amd64.tar.gz"

[tools."aqua:helm/chart-releaser"."platforms.linux-x64-musl"]
checksum = "sha256:834046b27b00cd6ba451326875c1937d4f2b671063c2053e031434ade73002b5"
url = "https://github.com/helm/chart-releaser/releases/download/v1.8.1/chart-releaser_1.8.1_linux_amd64.tar.gz"

[tools."aqua:helm/chart-releaser"."platforms.macos-arm64"]
checksum = "sha256:d957e23f012650cf7ddf6c907688358d572e4a1b8e0e64b31f4b4c03472a0e4b"
url = "https://github.com/helm/chart-releaser/releases/download/v1.8.1/chart-releaser_1.8.1_darwin_arm64.tar.gz"

[tools."aqua:helm/chart-releaser"."platforms.macos-x64"]
checksum = "sha256:4209b5f28b309301fd7b4bfed5316b5c97f31c10969e6afb7a0eb9ab2d168244"
url = "https://github.com/helm/chart-releaser/releases/download/v1.8.1/chart-releaser_1.8.1_darwin_amd64.tar.gz"

[tools."aqua:helm/chart-releaser"."platforms.windows-x64"]
checksum = "sha256:3db750018dc6aa7908b439ff063a89e2519e45cb5971ebb34090bc47eaf6e469"
url = "https://github.com/helm/chart-releaser/releases/download/v1.8.1/chart-releaser_1.8.1_windows_amd64.zip"

[[tools."aqua:k3d-io/k3d"]]
version = "5.9.0-rc.0"
backend = "aqua:k3d-io/k3d"

[tools."aqua:k3d-io/k3d"."platforms.linux-arm64"]
checksum = "sha256:0562d406ce7292064e592f9bfaea3120922660ef7688bf870406b03c826c6182"
url = "https://github.com/k3d-io/k3d/releases/download/v5.9.0-rc.0/k3d-linux-arm64"

[tools."aqua:k3d-io/k3d"."platforms.linux-arm64-musl"]
checksum = "sha256:0562d406ce7292064e592f9bfaea3120922660ef7688bf870406b03c826c6182"
url = "https://github.com/k3d-io/k3d/releases/download/v5.9.0-rc.0/k3d-linux-arm64"

[tools."aqua:k3d-io/k3d"."platforms.linux-x64"]
checksum = "sha256:89d786d2b6d53f8bf2825cf5ada94a436653e89bcbb0fb22f46b6774759887b3"
url = "https://github.com/k3d-io/k3d/releases/download/v5.9.0-rc.0/k3d-linux-amd64"

[tools."aqua:k3d-io/k3d"."platforms.linux-x64-musl"]
checksum = "sha256:89d786d2b6d53f8bf2825cf5ada94a436653e89bcbb0fb22f46b6774759887b3"
url = "https://github.com/k3d-io/k3d/releases/download/v5.9.0-rc.0/k3d-linux-amd64"

[tools."aqua:k3d-io/k3d"."platforms.macos-arm64"]
checksum = "sha256:ddb499432759809b3728c79e9a85f2b4b8e88609ada011bd33c4331b3e7dd8da"
url = "https://github.com/k3d-io/k3d/releases/download/v5.9.0-rc.0/k3d-darwin-arm64"

[tools."aqua:k3d-io/k3d"."platforms.macos-x64"]
checksum = "sha256:f7d515d26a735eec138790a8adca0e65a0652ef36614b7640f3cefc03a6ada56"
url = "https://github.com/k3d-io/k3d/releases/download/v5.9.0-rc.0/k3d-darwin-amd64"

[tools."aqua:k3d-io/k3d"."platforms.windows-x64"]
checksum = "sha256:b939c048a16cf822f69407c6961efa1ed43b887024ffb2e3940151136d025b69"
url = "https://github.com/k3d-io/k3d/releases/download/v5.9.0-rc.0/k3d-windows-amd64.exe"

[[tools."aqua:kubernetes-sigs/controller-runtime/setup-envtest"]]
version = "0.24.1"
backend = "aqua:kubernetes-sigs/controller-runtime/setup-envtest"

[tools."aqua:kubernetes-sigs/controller-runtime/setup-envtest"."platforms.linux-arm64"]
checksum = "sha256:c5d8968ec3f2a120b66bc13bd36f80fe4150c34aae7cc491bf9624c8680296c7"
url = "https://github.com/kubernetes-sigs/controller-runtime/releases/download/v0.24.1/setup-envtest-linux-arm64"

[tools."aqua:kubernetes-sigs/controller-runtime/setup-envtest"."platforms.linux-arm64-musl"]
checksum = "sha256:c5d8968ec3f2a120b66bc13bd36f80fe4150c34aae7cc491bf9624c8680296c7"
url = "https://github.com/kubernetes-sigs/controller-runtime/releases/download/v0.24.1/setup-envtest-linux-arm64"

[tools."aqua:kubernetes-sigs/controller-runtime/setup-envtest"."platforms.linux-x64"]
checksum = "sha256:a9a78fadfc338a38188332f36863c76877f1c86df1a83d2241d2bfc3935297d2"
url = "https://github.com/kubernetes-sigs/controller-runtime/releases/download/v0.24.1/setup-envtest-linux-amd64"

[tools."aqua:kubernetes-sigs/controller-runtime/setup-envtest"."platforms.linux-x64-musl"]
checksum = "sha256:a9a78fadfc338a38188332f36863c76877f1c86df1a83d2241d2bfc3935297d2"
url = "https://github.com/kubernetes-sigs/controller-runtime/releases/download/v0.24.1/setup-envtest-linux-amd64"

[tools."aqua:kubernetes-sigs/controller-runtime/setup-envtest"."platforms.macos-arm64"]
checksum = "sha256:7e59a0d526f6946aa2f114d34b2e309639c811f3a4f83d56f37b6e3197c6fdfb"
url = "https://github.com/kubernetes-sigs/controller-runtime/releases/download/v0.24.1/setup-envtest-darwin-arm64"

[tools."aqua:kubernetes-sigs/controller-runtime/setup-envtest"."platforms.macos-x64"]
checksum = "sha256:3fb17f2b1b0f09b7e5395180bd2bcb1d53bb78d72bb0415106b7ae8bf64e23d0"
url = "https://github.com/kubernetes-sigs/controller-runtime/releases/download/v0.24.1/setup-envtest-darwin-amd64"

[tools."aqua:kubernetes-sigs/controller-runtime/setup-envtest"."platforms.windows-x64"]
checksum = "sha256:e50f6272ff3c649a57c41eb6cae1957083185a150d1a0cca4061c71430298260"
url = "https://github.com/kubernetes-sigs/controller-runtime/releases/download/v0.24.1/setup-envtest-windows-amd64.exe"

[[tools."aqua:protocolbuffers/protobuf-go/protoc-gen-go"]]
version = "1.36.11"
backend = "aqua:protocolbuffers/protobuf-go/protoc-gen-go"

[tools."aqua:protocolbuffers/protobuf-go/protoc-gen-go"."platforms.linux-arm64"]
checksum = "sha256:8760755b06cbfe6e64478bbe16b60e518d89d059ccaf667df05398d19636cbad"
url = "https://github.com/protocolbuffers/protobuf-go/releases/download/v1.36.11/protoc-gen-go.v1.36.11.linux.arm64.tar.gz"

[tools."aqua:protocolbuffers/protobuf-go/protoc-gen-go"."platforms.linux-arm64-musl"]
checksum = "sha256:8760755b06cbfe6e64478bbe16b60e518d89d059ccaf667df05398d19636cbad"
url = "https://github.com/protocolbuffers/protobuf-go/releases/download/v1.36.11/protoc-gen-go.v1.36.11.linux.arm64.tar.gz"

[tools."aqua:protocolbuffers/protobuf-go/protoc-gen-go"."platforms.linux-x64"]
checksum = "sha256:6ad8f8fc11b96dc4deb176f7ee84af40e15d32e4608594bcc3534b7824a3dc71"
url = "https://github.com/protocolbuffers/protobuf-go/releases/download/v1.36.11/protoc-gen-go.v1.36.11.linux.amd64.tar.gz"

[tools."aqua:protocolbuffers/protobuf-go/protoc-gen-go"."platforms.linux-x64-musl"]
checksum = "sha256:6ad8f8fc11b96dc4deb176f7ee84af40e15d32e4608594bcc3534b7824a3dc71"
url = "https://github.com/protocolbuffers/protobuf-go/releases/download/v1.36.11/protoc-gen-go.v1.36.11.linux.amd64.tar.gz"

[tools."aqua:protocolbuffers/protobuf-go/protoc-gen-go"."platforms.macos-arm64"]
checksum = "sha256:31a1c65833213a925f6771dd84b749ac5b3f4de30be3694d8ec19e23fc44acbf"
url = "https://github.com/protocolbuffers/protobuf-go/releases/download/v1.36.11/protoc-gen-go.v1.36.11.darwin.arm64.tar.gz"

[tools."aqua:protocolbuffers/protobuf-go/protoc-gen-go"."platforms.macos-x64"]
checksum = "sha256:e41b9fc3e6b80a943caee6736f8f764e1059fb6ff9ef4f423b62645a9abc8f9f"
url = "https://github.com/protocolbuffers/protobuf-go/releases/download/v1.36.11/protoc-gen-go.v1.36.11.darwin.amd64.tar.gz"

[tools."aqua:protocolbuffers/protobuf-go/protoc-gen-go"."platforms.windows-x64"]
checksum = "sha256:045cac56df5fae04912d39b1e9f8e568f8a1eaf0adc800a6e8bfbe97fd1bef9c"
url = "https://github.com/protocolbuffers/protobuf-go/releases/download/v1.36.11/protoc-gen-go.v1.36.11.windows.amd64.zip"

[[tools."aqua:stackrox/kube-linter"]]
version = "0.8.3"
backend = "aqua:stackrox/kube-linter"

[tools."aqua:stackrox/kube-linter"."platforms.linux-arm64"]
checksum = "sha256:9c39d35252e0dcafb16b26197b9e93ba578e44eb402c3c6660fc94e08f94094f"
url = "https://github.com/stackrox/kube-linter/releases/download/v0.8.3/kube-linter-linux_arm64"
provenance = "cosign"

[tools."aqua:stackrox/kube-linter"."platforms.linux-arm64-musl"]
checksum = "sha256:9c39d35252e0dcafb16b26197b9e93ba578e44eb402c3c6660fc94e08f94094f"
url = "https://github.com/stackrox/kube-linter/releases/download/v0.8.3/kube-linter-linux_arm64"
provenance = "cosign"

[tools."aqua:stackrox/kube-linter"."platforms.linux-x64"]
checksum = "sha256:618d299a3e2839c8ca9d86fce0db617be0fba41f0fecbbbfb7fbf1c04299fae1"
url = "https://github.com/stackrox/kube-linter/releases/download/v0.8.3/kube-linter-linux"
provenance = "cosign"

[tools."aqua:stackrox/kube-linter"."platforms.linux-x64-musl"]
checksum = "sha256:618d299a3e2839c8ca9d86fce0db617be0fba41f0fecbbbfb7fbf1c04299fae1"
url = "https://github.com/stackrox/kube-linter/releases/download/v0.8.3/kube-linter-linux"
provenance = "cosign"

[tools."aqua:stackrox/kube-linter"."platforms.macos-arm64"]
checksum = "sha256:662277a6a267ba2cb1371b56539a371872ef142b196fa0d87195e4213773cdf8"
url = "https://github.com/stackrox/kube-linter/releases/download/v0.8.3/kube-linter-darwin_arm64"
provenance = "cosign"

[tools."aqua:stackrox/kube-linter"."platforms.macos-x64"]
checksum = "sha256:d935e2bc89e272c74227cdc4ac4dba35f468e0e486e846e5892231a301c91a67"
url = "https://github.com/stackrox/kube-linter/releases/download/v0.8.3/kube-linter-darwin"
provenance = "cosign"

[tools."aqua:stackrox/kube-linter"."platforms.windows-x64"]
checksum = "sha256:8b0ccf51f18ab786fdcdede55046afc701a75c75122e046a2f0d3244bc91274a"
url = "https://github.com/stackrox/kube-linter/releases/download/v0.8.3/kube-linter.exe"
provenance = "cosign"

[[tools.buf]]
version = "1.70.0"
backend = "aqua:bufbuild/buf"

[tools.buf."platforms.linux-arm64"]
checksum = "sha256:ff3c79a6bb44c41a8053ec0d863234cee82378ea4c29ed5292c852dbf829fec0"
url = "https://github.com/bufbuild/buf/releases/download/v1.70.0/buf-Linux-aarch64.tar.gz"

[tools.buf."platforms.linux-arm64-musl"]
checksum = "sha256:ff3c79a6bb44c41a8053ec0d863234cee82378ea4c29ed5292c852dbf829fec0"
url = "https://github.com/bufbuild/buf/releases/download/v1.70.0/buf-Linux-aarch64.tar.gz"

[tools.buf."platforms.linux-x64"]
checksum = "sha256:18498bdadbdce80792ce08c2c59e0c49f157aa3f5d9b0f9c6e3db795be208b9d"
url = "https://github.com/bufbuild/buf/releases/download/v1.70.0/buf-Linux-x86_64.tar.gz"

[tools.buf."platforms.linux-x64-musl"]
checksum = "sha256:18498bdadbdce80792ce08c2c59e0c49f157aa3f5d9b0f9c6e3db795be208b9d"
url = "https://github.com/bufbuild/buf/releases/download/v1.70.0/buf-Linux-x86_64.tar.gz"

[tools.buf."platforms.macos-arm64"]
checksum = "sha256:9cec23658df093d50f3318580e17f1e309d45b817927f22e9de30f78f3d4d45b"
url = "https://github.com/bufbuild/buf/releases/download/v1.70.0/buf-Darwin-arm64.tar.gz"

[tools.buf."platforms.macos-x64"]
checksum = "sha256:ebeed1af15bcb145c35c5e51eadc8fe0bdba9311e08fd6abca8c23294929d20b"
url = "https://github.com/bufbuild/buf/releases/download/v1.70.0/buf-Darwin-x86_64.tar.gz"

[tools.buf."platforms.windows-x64"]
checksum = "sha256:96422e4313efe2741946f31f57ab4000c440b48d14936992ab98e94c16322f6f"
url = "https://github.com/bufbuild/buf/releases/download/v1.70.0/buf-Windows-x86_64.zip"

[[tools.container-structure-test]]
version = "1.22.1"
backend = "aqua:GoogleContainerTools/container-structure-test"

[tools.container-structure-test."platforms.linux-arm64"]
checksum = "sha256:801826ed107222120eb6df8c143b7de752cfebbe3aebfeea576e7098486917c2"
url = "https://github.com/GoogleContainerTools/container-structure-test/releases/download/v1.22.1/container-structure-test-linux-arm64"

[tools.container-structure-test."platforms.linux-arm64-musl"]
checksum = "sha256:801826ed107222120eb6df8c143b7de752cfebbe3aebfeea576e7098486917c2"
url = "https://github.com/GoogleContainerTools/container-structure-test/releases/download/v1.22.1/container-structure-test-linux-arm64"

[tools.container-structure-test."platforms.linux-x64"]
checksum = "sha256:fa35e89512a8978585f76cf41397956d2e3a30c62c2ad3fb857b1597074d14ca"
url = "https://github.com/GoogleContainerTools/container-structure-test/releases/download/v1.22.1/container-structure-test-linux-amd64"

[tools.container-structure-test."platforms.linux-x64-musl"]
checksum = "sha256:fa35e89512a8978585f76cf41397956d2e3a30c62c2ad3fb857b1597074d14ca"
url = "https://github.com/GoogleContainerTools/container-structure-test/releases/download/v1.22.1/container-structure-test-linux-amd64"

[tools.container-structure-test."platforms.macos-arm64"]
checksum = "sha256:ba00172029ecec3afda7fd93a5eee7cdaef710196df7103689da3386eba56b0a"
url = "https://github.com/GoogleContainerTools/container-structure-test/releases/download/v1.22.1/container-structure-test-darwin-arm64"

[tools.container-structure-test."platforms.macos-x64"]
checksum = "sha256:1ca7265ed9061785a39cda83d5a8104c769bbf432dab40a269596ea6f1a13c45"
url = "https://github.com/GoogleContainerTools/container-structure-test/releases/download/v1.22.1/container-structure-test-darwin-amd64"

[tools.container-structure-test."platforms.windows-x64"]
checksum = "sha256:91d30f3cea928024663b04de9e66ef4d0fc17b2e5d00fdee268b1fe5daac1260"
url = "https://github.com/GoogleContainerTools/container-structure-test/releases/download/v1.22.1/container-structure-test-windows-amd64.exe"

[[tools.ginkgo]]
version = "2.29.0"
backend = "go:github.com/onsi/ginkgo/v2/ginkgo"

[[tools.go]]
version = "1.26.4"
backend = "core:go"

[tools.go."platforms.linux-arm64"]
checksum = "sha256:ef758ae7c6cf9267c9c0ef080b8965f453d89ab2d25d9eb22de4405925238768"
url = "https://dl.google.com/go/go1.26.4.linux-arm64.tar.gz"

[tools.go."platforms.linux-arm64-musl"]
checksum = "sha256:ef758ae7c6cf9267c9c0ef080b8965f453d89ab2d25d9eb22de4405925238768"
url = "https://dl.google.com/go/go1.26.4.linux-arm64.tar.gz"

[tools.go."platforms.linux-x64"]
checksum = "sha256:1153d3d50e0ac764b447adfe05c2bcf08e889d42a02e0fe0259bd47f6733ad7f"
url = "https://dl.google.com/go/go1.26.4.linux-amd64.tar.gz"

[tools.go."platforms.linux-x64-musl"]
checksum = "sha256:1153d3d50e0ac764b447adfe05c2bcf08e889d42a02e0fe0259bd47f6733ad7f"
url = "https://dl.google.com/go/go1.26.4.linux-amd64.tar.gz"

[tools.go."platforms.macos-arm64"]
checksum = "sha256:b62ad2b6d7d2464f12a5bcad7ff47f19d08325773b5efd21610e445a05a9bf53"
url = "https://dl.google.com/go/go1.26.4.darwin-arm64.tar.gz"

[tools.go."platforms.macos-x64"]
checksum = "sha256:05dc9b5f9997744520aaebb3d5deaa7c755371aebbfb7f97c2511a9f3367538d"
url = "https://dl.google.com/go/go1.26.4.darwin-amd64.tar.gz"

[tools.go."platforms.windows-x64"]
checksum = "sha256:3ca8fb4630b07c419cbdd51f754e31363cfcfb83b3a5354d9e895c90be2cc345"
url = "https://dl.google.com/go/go1.26.4.windows-amd64.zip"

[[tools."go:github.com/chrusty/protoc-gen-jsonschema/cmd/protoc-gen-jsonschema"]]
version = "v0.0.0-20230606235304-e35f2ad05c0c"
backend = "go:github.com/chrusty/protoc-gen-jsonschema/cmd/protoc-gen-jsonschema"

[[tools."go:github.com/oapi-codegen/oapi-codegen/v2/cmd/oapi-codegen"]]
version = "2.7.0"
backend = "go:github.com/oapi-codegen/oapi-codegen/v2/cmd/oapi-codegen"

[[tools."go:sigs.k8s.io/controller-tools/cmd/controller-gen"]]
version = "0.21.0"
backend = "go:sigs.k8s.io/controller-tools/cmd/controller-gen"

[[tools.golangci-lint]]
version = "2.12.2"
backend = "aqua:golangci/golangci-lint"

[tools.golangci-lint."platforms.linux-arm64"]
checksum = "sha256:44cd40a8c76c86755375adfeea52cfd3533cb43d7bd647771e0ae065e166df3a"
url = "https://github.com/golangci/golangci-lint/releases/download/v2.12.2/golangci-lint-2.12.2-linux-arm64.tar.gz"
provenance = "github-attestations"

[tools.golangci-lint."platforms.linux-arm64-musl"]
checksum = "sha256:44cd40a8c76c86755375adfeea52cfd3533cb43d7bd647771e0ae065e166df3a"
url = "https://github.com/golangci/golangci-lint/releases/download/v2.12.2/golangci-lint-2.12.2-linux-arm64.tar.gz"
provenance = "github-attestations"

[tools.golangci-lint."platforms.linux-x64"]
checksum = "sha256:8df580d2670fed8fa984aac0507099af8df275e665215f5c7a2ae3943893a553"
url = "https://github.com/golangci/golangci-lint/releases/download/v2.12.2/golangci-lint-2.12.2-linux-amd64.tar.gz"
provenance = "github-attestations"

[tools.golangci-lint."platforms.linux-x64-musl"]
checksum = "sha256:8df580d2670fed8fa984aac0507099af8df275e665215f5c7a2ae3943893a553"
url = "https://github.com/golangci/golangci-lint/releases/download/v2.12.2/golangci-lint-2.12.2-linux-amd64.tar.gz"
provenance = "github-attestations"

[tools.golangci-lint."platforms.macos-arm64"]
checksum = "sha256:a9c54498731b3128f79e090be6110f3e5fffccc617b08142ed244d4126c73f29"
url = "https://github.com/golangci/golangci-lint/releases/download/v2.12.2/golangci-lint-2.12.2-darwin-arm64.tar.gz"
provenance = "github-attestations"

[tools.golangci-lint."platforms.macos-x64"]
checksum = "sha256:f6f06d94b6241521c53d15450c5209b028270bf966f842afb11c030c79f5bc16"
url = "https://github.com/golangci/golangci-lint/releases/download/v2.12.2/golangci-lint-2.12.2-darwin-amd64.tar.gz"
provenance = "github-attestations"

[tools.golangci-lint."platforms.windows-x64"]
checksum = "sha256:bd42e3ebc8cb4ececb86941983baaf1dc221bbb04d838e94ce63b49cc91e02bb"
url = "https://github.com/golangci/golangci-lint/releases/download/v2.12.2/golangci-lint-2.12.2-windows-amd64.zip"
provenance = "github-attestations"

[[tools.hadolint]]
version = "2.14.0"
backend = "aqua:hadolint/hadolint"

[tools.hadolint."platforms.linux-arm64"]
checksum = "sha256:331f1d3511b84a4f1e3d18d52fec284723e4019552f4f47b19322a53ce9a40ed"
url = "https://github.com/hadolint/hadolint/releases/download/v2.14.0/hadolint-linux-arm64"

[tools.hadolint."platforms.linux-arm64-musl"]
checksum = "sha256:331f1d3511b84a4f1e3d18d52fec284723e4019552f4f47b19322a53ce9a40ed"
url = "https://github.com/hadolint/hadolint/releases/download/v2.14.0/hadolint-linux-arm64"

[tools.hadolint."platforms.linux-x64"]
checksum = "sha256:6bf226944684f56c84dd014e8b979d27425c0148f61b3bd99bcc6f39e9dc5a47"
url = "https://github.com/hadolint/hadolint/releases/download/v2.14.0/hadolint-linux-x86_64"

[tools.hadolint."platforms.linux-x64-musl"]
checksum = "sha256:6bf226944684f56c84dd014e8b979d27425c0148f61b3bd99bcc6f39e9dc5a47"
url = "https://github.com/hadolint/hadolint/releases/download/v2.14.0/hadolint-linux-x86_64"

[tools.hadolint."platforms.macos-arm64"]
checksum = "sha256:3625e2e9f43dcfe7bd38738a5f5520ed50ce39ed28485266e6803dd7bc197b10"
url = "https://github.com/hadolint/hadolint/releases/download/v2.14.0/hadolint-macos-arm64"

[tools.hadolint."platforms.macos-x64"]
checksum = "sha256:2b69a853433f1eca522ffb921cd490bd1321424d03331fd8390f93b7fb4a02e9"
url = "https://github.com/hadolint/hadolint/releases/download/v2.14.0/hadolint-macos-x86_64"

[tools.hadolint."platforms.windows-x64"]
checksum = "sha256:8e0ee174f88edb14f207a68430c7a53c2883ed509cdbde9a3a26fffa140fa5e4"
url = "https://github.com/hadolint/hadolint/releases/download/v2.14.0/hadolint-windows-x86_64.exe"

[[tools.helm]]
version = "4.2.0"
backend = "aqua:helm/helm"

[tools.helm."platforms.linux-arm64"]
checksum = "sha256:1f8de130dfbd04de64978e7b852a7a547be1404956a366608276d2520b678670"
url = "https://get.helm.sh/helm-v4.2.0-linux-arm64.tar.gz"

[tools.helm."platforms.linux-arm64-musl"]
checksum = "sha256:1f8de130dfbd04de64978e7b852a7a547be1404956a366608276d2520b678670"
url = "https://get.helm.sh/helm-v4.2.0-linux-arm64.tar.gz"

[tools.helm."platforms.linux-x64"]
checksum = "sha256:97dbeb971be4ac4b27e3839976d9564c0fb35c6f3b1da89dd1e292d236af4096"
url = "https://get.helm.sh/helm-v4.2.0-linux-amd64.tar.gz"

[tools.helm."platforms.linux-x64-musl"]
checksum = "sha256:97dbeb971be4ac4b27e3839976d9564c0fb35c6f3b1da89dd1e292d236af4096"
url = "https://get.helm.sh/helm-v4.2.0-linux-amd64.tar.gz"

[tools.helm."platforms.macos-arm64"]
checksum = "sha256:f13f959015447b6bc309f9fd506509926543988a39035c088b52522ec95e2acb"
url = "https://get.helm.sh/helm-v4.2.0-darwin-arm64.tar.gz"

[tools.helm."platforms.macos-x64"]
checksum = "sha256:1376ea697140e4db316736e760d5a47d12afc1524dce704476ef06fd7fdeddc6"
url = "https://get.helm.sh/helm-v4.2.0-darwin-amd64.tar.gz"

[tools.helm."platforms.windows-x64"]
checksum = "sha256:34bf9659f8f04f3841a60131183b8e2acc44e260db4c93b889ff09718cacca6f"
url = "https://get.helm.sh/helm-v4.2.0-windows-amd64.tar.gz"

[[tools.helm-docs]]
version = "1.14.2"
backend = "aqua:norwoodj/helm-docs"

[tools.helm-docs."platforms.linux-arm64"]
checksum = "sha256:c3787212332386dcd122debef7848feb165aa701467ae3e3442df7638f3ac4e4"
url = "https://github.com/norwoodj/helm-docs/releases/download/v1.14.2/helm-docs_1.14.2_Linux_arm64.tar.gz"

[tools.helm-docs."platforms.linux-arm64-musl"]
checksum = "sha256:c3787212332386dcd122debef7848feb165aa701467ae3e3442df7638f3ac4e4"
url = "https://github.com/norwoodj/helm-docs/releases/download/v1.14.2/helm-docs_1.14.2_Linux_arm64.tar.gz"

[tools.helm-docs."platforms.linux-x64"]
checksum = "sha256:a8cf72ada34fad93285ba2a452b38bdc5bd52cc9a571236244ec31022928d6cc"
url = "https://github.com/norwoodj/helm-docs/releases/download/v1.14.2/helm-docs_1.14.2_Linux_x86_64.tar.gz"

[tools.helm-docs."platforms.linux-x64-musl"]
checksum = "sha256:a8cf72ada34fad93285ba2a452b38bdc5bd52cc9a571236244ec31022928d6cc"
url = "https://github.com/norwoodj/helm-docs/releases/download/v1.14.2/helm-docs_1.14.2_Linux_x86_64.tar.gz"

[tools.helm-docs."platforms.macos-arm64"]
checksum = "sha256:2d8399db5b33d240d5f8985241bcf5483563150b968e3229823822979f3e4b8b"
url = "https://github.com/norwoodj/helm-docs/releases/download/v1.14.2/helm-docs_1.14.2_Darwin_arm64.tar.gz"

[tools.helm-docs."platforms.macos-x64"]
checksum = "sha256:b2f1ffd0feef8dc0901a38a2053481d1d67b63ca30da4ac774166c6b52fa2245"
url = "https://github.com/norwoodj/helm-docs/releases/download/v1.14.2/helm-docs_1.14.2_Darwin_x86_64.tar.gz"

[tools.helm-docs."platforms.windows-x64"]
checksum = "sha256:3c54fd78d99e2769cf83a0faf12cf6cd4de1cac6ed7bee8d908a2c8fc23f538c"
url = "https://github.com/norwoodj/helm-docs/releases/download/v1.14.2/helm-docs_1.14.2_Windows_x86_64.tar.gz"

[[tools.jq]]
version = "1.8.1"
backend = "aqua:jqlang/jq"

[tools.jq."platforms.linux-arm64"]
checksum = "sha256:6bc62f25981328edd3cfcfe6fe51b073f2d7e7710d7ef7fcdac28d4e384fc3d4"
url = "https://github.com/jqlang/jq/releases/download/jq-1.8.1/jq-linux-arm64"
provenance = "github-attestations"

[tools.jq."platforms.linux-arm64-musl"]
checksum = "sha256:6bc62f25981328edd3cfcfe6fe51b073f2d7e7710d7ef7fcdac28d4e384fc3d4"
url = "https://github.com/jqlang/jq/releases/download/jq-1.8.1/jq-linux-arm64"
provenance = "github-attestations"

[tools.jq."platforms.linux-x64"]
checksum = "sha256:020468de7539ce70ef1bceaf7cde2e8c4f2ca6c3afb84642aabc5c97d9fc2a0d"
url = "https://github.com/jqlang/jq/releases/download/jq-1.8.1/jq-linux-amd64"
provenance = "github-attestations"

[tools.jq."platforms.linux-x64-musl"]
checksum = "sha256:020468de7539ce70ef1bceaf7cde2e8c4f2ca6c3afb84642aabc5c97d9fc2a0d"
url = "https://github.com/jqlang/jq/releases/download/jq-1.8.1/jq-linux-amd64"
provenance = "github-attestations"

[tools.jq."platforms.macos-arm64"]
checksum = "sha256:a9fe3ea2f86dfc72f6728417521ec9067b343277152b114f4e98d8cb0e263603"
url = "https://github.com/jqlang/jq/releases/download/jq-1.8.1/jq-macos-arm64"
provenance = "github-attestations"

[tools.jq."platforms.macos-x64"]
checksum = "sha256:e80dbe0d2a2597e3c11c404f03337b981d74b4a8504b70586c354b7697a7c27f"
url = "https://github.com/jqlang/jq/releases/download/jq-1.8.1/jq-macos-amd64"
provenance = "github-attestations"

[tools.jq."platforms.windows-x64"]
checksum = "sha256:23cb60a1354eed6bcc8d9b9735e8c7b388cd1fdcb75726b93bc299ef22dd9334"
url = "https://github.com/jqlang/jq/releases/download/jq-1.8.1/jq-windows-amd64.exe"
provenance = "github-attestations"

[[tools.kind]]
version = "0.32.0"
backend = "aqua:kubernetes-sigs/kind"

[tools.kind."platforms.linux-arm64"]
checksum = "sha256:b92cd615e97585de8ddade28ed5cd7feb4248d717c233eea5b03c37298900f5d"
url = "https://github.com/kubernetes-sigs/kind/releases/download/v0.32.0/kind-linux-arm64"

[tools.kind."platforms.linux-arm64-musl"]
checksum = "sha256:b92cd615e97585de8ddade28ed5cd7feb4248d717c233eea5b03c37298900f5d"
url = "https://github.com/kubernetes-sigs/kind/releases/download/v0.32.0/kind-linux-arm64"

[tools.kind."platforms.linux-x64"]
checksum = "sha256:50030de23cf40a18505f20426f6a8506bedf13c6e509244bd1fa9463721b0f54"
url = "https://github.com/kubernetes-sigs/kind/releases/download/v0.32.0/kind-linux-amd64"

[tools.kind."platforms.linux-x64-musl"]
checksum = "sha256:50030de23cf40a18505f20426f6a8506bedf13c6e509244bd1fa9463721b0f54"
url = "https://github.com/kubernetes-sigs/kind/releases/download/v0.32.0/kind-linux-amd64"

[tools.kind."platforms.macos-arm64"]
checksum = "sha256:dca67911095a110c2b5c36e26df6cac860c602033e456c0db47be498cdef1ebb"
url = "https://github.com/kubernetes-sigs/kind/releases/download/v0.32.0/kind-darwin-arm64"

[tools.kind."platforms.macos-x64"]
checksum = "sha256:295ac6d0d634c9819c9907df45e3017d1f13166bd13c3404c45e79f7faa47498"
url = "https://github.com/kubernetes-sigs/kind/releases/download/v0.32.0/kind-darwin-amd64"

[tools.kind."platforms.windows-x64"]
checksum = "sha256:0bcb2d1cfedc1912d664014db716937e8a0e843e91c6807b4db2025dbc8989fa"
url = "https://github.com/kubernetes-sigs/kind/releases/download/v0.32.0/kind-windows-amd64"

[[tools.kubectl]]
version = "1.36.1"
backend = "aqua:kubernetes/kubernetes/kubectl"

[tools.kubectl."platforms.linux-arm64"]
checksum = "sha256:59f7ee8e477fae658447607dc3c8790ac17a1b016c01c622c12070e969e2d4e7"
url = "https://dl.k8s.io/v1.36.1/bin/linux/arm64/kubectl"

[tools.kubectl."platforms.linux-arm64-musl"]
checksum = "sha256:59f7ee8e477fae658447607dc3c8790ac17a1b016c01c622c12070e969e2d4e7"
url = "https://dl.k8s.io/v1.36.1/bin/linux/arm64/kubectl"

[tools.kubectl."platforms.linux-x64"]
checksum = "sha256:629d3f410e09bf49b64ae7079f7f0bda1191efed311f7d37fdbab0ad5b0ec2b7"
url = "https://dl.k8s.io/v1.36.1/bin/linux/amd64/kubectl"

[tools.kubectl."platforms.linux-x64-musl"]
checksum = "sha256:629d3f410e09bf49b64ae7079f7f0bda1191efed311f7d37fdbab0ad5b0ec2b7"
url = "https://dl.k8s.io/v1.36.1/bin/linux/amd64/kubectl"

[tools.kubectl."platforms.macos-arm64"]
checksum = "sha256:9092778abaef3079449da4cd70ded0e4be112480c93efcdeace3155968d1d133"
url = "https://dl.k8s.io/v1.36.1/bin/darwin/arm64/kubectl"

[tools.kubectl."platforms.macos-x64"]
checksum = "sha256:b4973e90ebb00537d735b63d6f8293c1959156e6ff435f6a43c08aeaa1a2e7d7"
url = "https://dl.k8s.io/v1.36.1/bin/darwin/amd64/kubectl"

[tools.kubectl."platforms.windows-x64"]
checksum = "sha256:538f4229eee91a17b34724da7daade7687393d6988e33b723c6c306572c13900"
url = "https://dl.k8s.io/v1.36.1/bin/windows/amd64/kubectl.exe"

[[tools.node]]
version = "24.16.0"
backend = "core:node"

[tools.node."platforms.linux-arm64"]
checksum = "sha256:589f5b6dd4fcfee4dfda73013903c966abaa8abd93dbc9d436544e472b4f0e74"
url = "https://nodejs.org/dist/v24.16.0/node-v24.16.0-linux-arm64.tar.gz"

[tools.node."platforms.linux-arm64-musl"]
checksum = "sha256:85dde27aa73503b03dadfa0410a800067b4e3f702fb7fcaa3beaf284dfcc69e9"
url = "https://unofficial-builds.nodejs.org/download/release/v24.16.0/node-v24.16.0-linux-arm64-musl.tar.gz"

[tools.node."platforms.linux-x64"]
checksum = "sha256:2faf6a387e9b62b888e21c54f01249fb27537ffecf1842f29f4c919d0a59a0ff"
url = "https://nodejs.org/dist/v24.16.0/node-v24.16.0-linux-x64.tar.gz"

[tools.node."platforms.linux-x64-musl"]
checksum = "sha256:50df5d8d474892d4f7b906167df36f77f5b93908f63dc532dc568219cab65841"
url = "https://unofficial-builds.nodejs.org/download/release/v24.16.0/node-v24.16.0-linux-x64-musl.tar.gz"

[tools.node."platforms.macos-arm64"]
checksum = "sha256:39189dab4eeb15706c424af0ac08a3044c9e48f7db12a7d77f6b7aafc7dd5df6"
url = "https://nodejs.org/dist/v24.16.0/node-v24.16.0-darwin-arm64.tar.gz"

[tools.node."platforms.macos-x64"]
checksum = "sha256:298b4c7b3cb80765c8703e42b90324a4ece3b6634947b89e769c3c980ab55185"
url = "https://nodejs.org/dist/v24.16.0/node-v24.16.0-darwin-x64.tar.gz"

[tools.node."platforms.windows-x64"]
checksum = "sha256:edaca9bd58ec8e92037dac4e877d52f6b8f430b81c18b57e264b4e2fb111cd56"
url = "https://nodejs.org/dist/v24.16.0/node-v24.16.0-win-x64.zip"

[[tools."npm:@redocly/cli"]]
version = "2.31.4"
backend = "npm:@redocly/cli"

[[tools."npm:oas-toolkit"]]
version = "0.17.0"
backend = "npm:oas-toolkit"

[[tools.protoc]]
version = "35.0"
backend = "aqua:protocolbuffers/protobuf/protoc"

[tools.protoc."platforms.linux-arm64"]
checksum = "sha256:36b518ac14d90351cc6598228ed2bbe5afe4e357b1af470b07e0ec1609875de2"
url = "https://github.com/protocolbuffers/protobuf/releases/download/v35.0/protoc-35.0-linux-aarch_64.zip"

[tools.protoc."platforms.linux-arm64-musl"]
checksum = "sha256:36b518ac14d90351cc6598228ed2bbe5afe4e357b1af470b07e0ec1609875de2"
url = "https://github.com/protocolbuffers/protobuf/releases/download/v35.0/protoc-35.0-linux-aarch_64.zip"

[tools.protoc."platforms.linux-x64"]
checksum = "sha256:a45cda0989c17dd950db55f6fbe1e5814c50fda08e87aa422980ac1f89dddbbc"
url = "https://github.com/protocolbuffers/protobuf/releases/download/v35.0/protoc-35.0-linux-x86_64.zip"

[tools.protoc."platforms.linux-x64-musl"]
checksum = "sha256:a45cda0989c17dd950db55f6fbe1e5814c50fda08e87aa422980ac1f89dddbbc"
url = "https://github.com/protocolbuffers/protobuf/releases/download/v35.0/protoc-35.0-linux-x86_64.zip"

[tools.protoc."platforms.macos-arm64"]
checksum = "sha256:45444963204757fd3e2fbe304bc1fdadfb488d8556ff099c4cc06575eab88976"
url = "https://github.com/protocolbuffers/protobuf/releases/download/v35.0/protoc-35.0-osx-aarch_64.zip"

[tools.protoc."platforms.macos-x64"]
checksum = "sha256:3580c2d115fccb5b0239960c8f70f8da14787b1973a46b2f39c315ad71c11e01"
url = "https://github.com/protocolbuffers/protobuf/releases/download/v35.0/protoc-35.0-osx-x86_64.zip"

[tools.protoc."platforms.windows-x64"]
checksum = "sha256:d1cede9e308cc3eb072392af1c02ccae4bdd3d2f374ec2970dbd8cdfdaa91363"
url = "https://github.com/protocolbuffers/protobuf/releases/download/v35.0/protoc-35.0-win64.zip"

[[tools.shellcheck]]
version = "0.11.0"
backend = "aqua:koalaman/shellcheck"

[tools.shellcheck."platforms.linux-arm64"]
checksum = "sha256:12b331c1d2db6b9eb13cfca64306b1b157a86eb69db83023e261eaa7e7c14588"
url = "https://github.com/koalaman/shellcheck/releases/download/v0.11.0/shellcheck-v0.11.0.linux.aarch64.tar.xz"

[tools.shellcheck."platforms.linux-arm64-musl"]
checksum = "sha256:12b331c1d2db6b9eb13cfca64306b1b157a86eb69db83023e261eaa7e7c14588"
url = "https://github.com/koalaman/shellcheck/releases/download/v0.11.0/shellcheck-v0.11.0.linux.aarch64.tar.xz"

[tools.shellcheck."platforms.linux-x64"]
checksum = "sha256:8c3be12b05d5c177a04c29e3c78ce89ac86f1595681cab149b65b97c4e227198"
url = "https://github.com/koalaman/shellcheck/releases/download/v0.11.0/shellcheck-v0.11.0.linux.x86_64.tar.xz"

[tools.shellcheck."platforms.linux-x64-musl"]
checksum = "sha256:8c3be12b05d5c177a04c29e3c78ce89ac86f1595681cab149b65b97c4e227198"
url = "https://github.com/koalaman/shellcheck/releases/download/v0.11.0/shellcheck-v0.11.0.linux.x86_64.tar.xz"

[tools.shellcheck."platforms.macos-arm64"]
checksum = "sha256:56affdd8de5527894dca6dc3d7e0a99a873b0f004d7aabc30ae407d3f48b0a79"
url = "https://github.com/koalaman/shellcheck/releases/download/v0.11.0/shellcheck-v0.11.0.darwin.aarch64.tar.xz"

[tools.shellcheck."platforms.macos-x64"]
checksum = "sha256:3c89db4edcab7cf1c27bff178882e0f6f27f7afdf54e859fa041fca10febe4c6"
url = "https://github.com/koalaman/shellcheck/releases/download/v0.11.0/shellcheck-v0.11.0.darwin.x86_64.tar.xz"

[tools.shellcheck."platforms.windows-x64"]
checksum = "sha256:8a4e35ab0b331c85d73567b12f2a444df187f483e5079ceffa6bda1faa2e740e"
url = "https://github.com/koalaman/shellcheck/releases/download/v0.11.0/shellcheck-v0.11.0.zip"

[[tools.skaffold]]
version = "2.21.0"
backend = "aqua:GoogleContainerTools/skaffold"

[tools.skaffold."platforms.linux-arm64"]
url = "https://storage.googleapis.com/skaffold/releases/v2.21.0/skaffold-linux-arm64"

[tools.skaffold."platforms.linux-arm64-musl"]
url = "https://storage.googleapis.com/skaffold/releases/v2.21.0/skaffold-linux-arm64"

[tools.skaffold."platforms.linux-x64"]
url = "https://storage.googleapis.com/skaffold/releases/v2.21.0/skaffold-linux-amd64"

[tools.skaffold."platforms.linux-x64-musl"]
url = "https://storage.googleapis.com/skaffold/releases/v2.21.0/skaffold-linux-amd64"

[tools.skaffold."platforms.macos-arm64"]
url = "https://storage.googleapis.com/skaffold/releases/v2.21.0/skaffold-darwin-arm64"

[tools.skaffold."platforms.macos-x64"]
url = "https://storage.googleapis.com/skaffold/releases/v2.21.0/skaffold-darwin-amd64"

[tools.skaffold."platforms.windows-x64"]
url = "https://storage.googleapis.com/skaffold/releases/v2.21.0/skaffold-windows-amd64.exe"

[[tools."ubi:grafana/dashboard-linter"]]
version = "v0.1.1"
backend = "ubi:grafana/dashboard-linter"

[[tools.yq]]
version = "4.53.3"
backend = "aqua:mikefarah/yq"

[tools.yq."platforms.linux-arm64"]
checksum = "sha256:578648e463a11c1b6db6010cbf41eafed6bee79466fcffa1bb446672cf7945ea"
url = "https://github.com/mikefarah/yq/releases/download/v4.53.3/yq_linux_arm64"

[tools.yq."platforms.linux-arm64-musl"]
checksum = "sha256:578648e463a11c1b6db6010cbf41eafed6bee79466fcffa1bb446672cf7945ea"
url = "https://github.com/mikefarah/yq/releases/download/v4.53.3/yq_linux_arm64"

[tools.yq."platforms.linux-x64"]
checksum = "sha256:fa52a4e758c63d38299163fbdd1edfb4c4963247918bf9c1c5d31d84789eded4"
url = "https://github.com/mikefarah/yq/releases/download/v4.53.3/yq_linux_amd64"

[tools.yq."platforms.linux-x64-musl"]
checksum = "sha256:fa52a4e758c63d38299163fbdd1edfb4c4963247918bf9c1c5d31d84789eded4"
url = "https://github.com/mikefarah/yq/releases/download/v4.53.3/yq_linux_amd64"

[tools.yq."platforms.macos-arm64"]
checksum = "sha256:877de31753a4dd2401aa048937aa9a7fc4d5f6ce858cf31508c5802954297213"
url = "https://github.com/mikefarah/yq/releases/download/v4.53.3/yq_darwin_arm64"

[tools.yq."platforms.macos-x64"]
checksum = "sha256:b4ba1ecce3c47f00803f4f964de38394326c7a32eb6540616e04fb2935a0f08d"
url = "https://github.com/mikefarah/yq/releases/download/v4.53.3/yq_darwin_amd64"

[tools.yq."platforms.windows-x64"]
checksum = "sha256:e279bc506a452eeafcdf364f91a025455e402a8001169083caf01f4b64a544e2"
url = "https://github.com/mikefarah/yq/releases/download/v4.53.3/yq_windows_amd64.exe"
